
Microsoft Visual Studio Solution File, Format Version 12.00
# Visual Studio Version 16
VisualStudioVersion = 16.0.30523.141
MinimumVisualStudioVersion = 10.0.40219.1
Project("{9A19103F-16F7-4668-BE54-9A1E7A4F7556}") = "Sample.Api", "Sample.Api\Sample.Api.csproj", "{43850656-0982-4451-A3E3-8CE97BAF043D}"
EndProject
Project("{9A19103F-16F7-4668-BE54-9A1E7A4F7556}") = "Sample.Service", "Sample.Service\Sample.Service.csproj", "{8CA99281-E8E7-484F-9D1D-4CE5F46E2433}"
EndProject
Project("{9A19103F-16F7-4668-BE54-9A1E7A4F7556}") = "Sample.Components", "Sample.Components\Sample.Components.csproj", "{2EB1067B-572E-40CA-AD22-05034A2626B9}"
EndProject
Project("{9A19103F-16F7-4668-BE54-9A1E7A4F7556}") = "Sample.Contracts", "Sample.Contracts\Sample.Contracts.csproj", "{A319E71B-9CA7-49C3-A60F-EBFAE87B174F}"
EndProject
Project("{9A19103F-16F7-4668-BE54-9A1E7A4F7556}") = "Sample.TestFramework", "Sample.TestFramework\Sample.TestFramework.csproj", "{8136EE13-B477-4410-80EF-FC66D44AB10D}"
EndProject
Project("{FAE04EC0-301F-11D3-BF4B-00C04F79EFBC}") = "Sample.Components.Tests", "Sample.Components.Tests\Sample.Components.Tests.csproj", "{FB5AD116-4A06-4CBD-9E4D-7B9A6446BD5A}"
EndProject
Global
	GlobalSection(SolutionConfigurationPlatforms) = preSolution
		Debug|Any CPU = Debug|Any CPU
		Release|Any CPU = Release|Any CPU
	EndGlobalSection
	GlobalSection(ProjectConfigurationPlatforms) = postSolution
		{43850656-0982-4451-A3E3-8CE97BAF043D}.Debug|Any CPU.ActiveCfg = Debug|Any CPU
		{43850656-0982-4451-A3E3-8CE97BAF043D}.Debug|Any CPU.Build.0 = Debug|Any CPU
		{43850656-0982-4451-A3E3-8CE97BAF043D}.Release|Any CPU.ActiveCfg = Release|Any CPU
		{43850656-0982-4451-A3E3-8CE97BAF043D}.Release|Any CPU.Build.0 = Release|Any CPU
		{8CA99281-E8E7-484F-9D1D-4CE5F46E2433}.Debug|Any CPU.ActiveCfg = Debug|Any CPU
		{8CA99281-E8E7-484F-9D1D-4CE5F46E2433}.Debug|Any CPU.Build.0 = Debug|Any CPU
		{8CA99281-E8E7-484F-9D1D-4CE5F46E2433}.Release|Any CPU.ActiveCfg = Release|Any CPU
		{8CA99281-E8E7-484F-9D1D-4CE5F46E2433}.Release|Any CPU.Build.0 = Release|Any CPU
		{2EB1067B-572E-40CA-AD22-05034A2626B9}.Debug|Any CPU.ActiveCfg = Debug|Any CPU
		{2EB1067B-572E-40CA-AD22-05034A2626B9}.Debug|Any CPU.Build.0 = Debug|Any CPU
		{2EB1067B-572E-40CA-AD22-05034A2626B9}.Release|Any CPU.ActiveCfg = Release|Any CPU
		{2EB1067B-572E-40CA-AD22-05034A2626B9}.Release|Any CPU.Build.0 = Release|Any CPU
		{A319E71B-9CA7-49C3-A60F-EBFAE87B174F}.Debug|Any CPU.ActiveCfg = Debug|Any CPU
		{A319E71B-9CA7-49C3-A60F-EBFAE87B174F}.Debug|Any CPU.Build.0 = Debug|Any CPU
		{A319E71B-9CA7-49C3-A60F-EBFAE87B174F}.Release|Any CPU.ActiveCfg = Release|Any CPU
		{A319E71B-9CA7-49C3-A60F-EBFAE87B174F}.Release|Any CPU.Build.0 = Release|Any CPU
		{8136EE13-B477-4410-80EF-FC66D44AB10D}.Debug|Any CPU.ActiveCfg = Debug|Any CPU
		{8136EE13-B477-4410-80EF-FC66D44AB10D}.Debug|Any CPU.Build.0 = Debug|Any CPU
		{8136EE13-B477-4410-80EF-FC66D44AB10D}.Release|Any CPU.ActiveCfg = Release|Any CPU
		{8136EE13-B477-4410-80EF-FC66D44AB10D}.Release|Any CPU.Build.0 = Release|Any CPU
		{FB5AD116-4A06-4CBD-9E4D-7B9A6446BD5A}.Debug|Any CPU.ActiveCfg = Debug|Any CPU
		{FB5AD116-4A06-4CBD-9E4D-7B9A6446BD5A}.Debug|Any CPU.Build.0 = Debug|Any CPU
		{FB5AD116-4A06-4CBD-9E4D-7B9A6446BD5A}.Release|Any CPU.ActiveCfg = Release|Any CPU
		{FB5AD116-4A06-4CBD-9E4D-7B9A6446BD5A}.Release|Any CPU.Build.0 = Release|Any CPU
	EndGlobalSection
	GlobalSection(SolutionProperties) = preSolution
		HideSolutionNode = FALSE
	EndGlobalSection
	GlobalSection(ExtensibilityGlobals) = postSolution
		SolutionGuid = {6322B717-6F84-4227-8D10-5E36CFB7DCA9}
	EndGlobalSection
EndGlobal
